
Microsoft Visual Studio Solution File, Format Version 12.00
# Visual Studio Version 17
VisualStudioVersion = 17.14.36310.24 d17.14
MinimumVisualStudioVersion = 10.0.40219.1
Project("{FAE04EC0-301F-11D3-BF4B-00C04F79EFBC}") = "StudyApp.API", "StudyApp.API\StudyApp.API.csproj", "{04EB6692-4541-4C35-B5F2-DA8F38008403}"
EndProject
Global
	GlobalSection(SolutionConfigurationPlatforms) = preSolution
		Debug|Any CPU = Debug|Any CPU
		Release|Any CPU = Release|Any CPU
	EndGlobalSection
	GlobalSection(ProjectConfigurationPlatforms) = postSolution
		{04EB6692-4541-4C35-B5F2-DA8F38008403}.Debug|Any CPU.ActiveCfg = Debug|Any CPU
		{04EB6692-4541-4C35-B5F2-DA8F38008403}.Debug|Any CPU.Build.0 = Debug|Any CPU
		{04EB6692-4541-4C35-B5F2-DA8F38008403}.Release|Any CPU.ActiveCfg = Release|Any CPU
		{04EB6692-4541-4C35-B5F2-DA8F38008403}.Release|Any CPU.Build.0 = Release|Any CPU
	EndGlobalSection
	GlobalSection(SolutionProperties) = preSolution
		HideSolutionNode = FALSE
	EndGlobalSection
	GlobalSection(ExtensibilityGlobals) = postSolution
		SolutionGuid = {FBE463DA-33BD-4169-B0B1-7F345BA02B6A}
	EndGlobalSection
EndGlobal
